
Microsoft Visual Studio Solution File, Format Version 12.00
# Visual Studio 2012
Project("{FAE04EC0-301F-11D3-BF4B-00C04F79EFBC}") = "IchigoAI", "IchigoAI\IchigoAI.csproj", "{5982082E-395A-4B0A-BBD6-E602FB2463AE}"
EndProject
Project("{FAE04EC0-301F-11D3-BF4B-00C04F79EFBC}") = "IchigoAI.Test", "IchigoAI.Test\IchigoAI.Test.csproj", "{98749ADE-1129-40EC-B09C-44915923FA97}"
EndProject
Global
	GlobalSection(SolutionConfigurationPlatforms) = preSolution
		Debug|Any CPU = Debug|Any CPU
		Release|Any CPU = Release|Any CPU
	EndGlobalSection
	GlobalSection(ProjectConfigurationPlatforms) = postSolution
		{5982082E-395A-4B0A-BBD6-E602FB2463AE}.Debug|Any CPU.ActiveCfg = Debug|Any CPU
		{5982082E-395A-4B0A-BBD6-E602FB2463AE}.Debug|Any CPU.Build.0 = Debug|Any CPU
		{5982082E-395A-4B0A-BBD6-E602FB2463AE}.Release|Any CPU.ActiveCfg = Release|Any CPU
		{5982082E-395A-4B0A-BBD6-E602FB2463AE}.Release|Any CPU.Build.0 = Release|Any CPU
		{98749ADE-1129-40EC-B09C-44915923FA97}.Debug|Any CPU.ActiveCfg = Debug|Any CPU
		{98749ADE-1129-40EC-B09C-44915923FA97}.Debug|Any CPU.Build.0 = Debug|Any CPU
		{98749ADE-1129-40EC-B09C-44915923FA97}.Release|Any CPU.ActiveCfg = Release|Any CPU
		{98749ADE-1129-40EC-B09C-44915923FA97}.Release|Any CPU.Build.0 = Release|Any CPU
	EndGlobalSection
	GlobalSection(MonoDevelopProperties) = preSolution
		Policies = $0
		$0.DotNetNamingPolicy = $1
		$1.DirectoryNamespaceAssociation = Hierarchical
		$1.ResourceNamePolicy = FileName
		$0.TextStylePolicy = $2
		$2.EolMarker = Unix
		$2.inheritsSet = VisualStudio
		$2.inheritsScope = text/plain
		$2.scope = text/x-csharp
		$0.CSharpFormattingPolicy = $3
		$3.IndentSwitchBody = True
		$3.NamespaceBraceStyle = EndOfLine
		$3.ClassBraceStyle = EndOfLine
		$3.InterfaceBraceStyle = EndOfLine
		$3.StructBraceStyle = EndOfLine
		$3.EnumBraceStyle = EndOfLine
		$3.MethodBraceStyle = EndOfLine
		$3.ConstructorBraceStyle = EndOfLine
		$3.DestructorBraceStyle = EndOfLine
		$3.BeforeMethodDeclarationParentheses = False
		$3.BeforeMethodCallParentheses = False
		$3.BeforeConstructorDeclarationParentheses = False
		$3.BeforeIndexerDeclarationBracket = False
		$3.BeforeDelegateDeclarationParentheses = False
		$3.AfterDelegateDeclarationParameterComma = True
		$3.NewParentheses = False
		$3.SpacesBeforeBrackets = False
		$3.BlankLinesBeforeUsings = 1
		$3.BlankLinesBetweenMembers = 0
		$3.AlignToFirstMethodDeclarationParameter = False
		$3.AlignToFirstIndexerDeclarationParameter = False
		$3.inheritsSet = Mono
		$3.inheritsScope = text/x-csharp
		$3.scope = text/x-csharp
		$0.StandardHeader = $4
		$4.Text = Copyright (c) ${Year} ${CopyrightHolder}
		$4.IncludeInNewFiles = True
		$0.NameConventionPolicy = $5
		$5.Rules = $6
		$6.NamingRule = $7
		$7.Name = PascalCase
		$7.AffectedEntity = Namespace, Class, Struct, Enum, Delegate, Event, EnumMember, Label
		$7.VisibilityMask = VisibilityMask
		$7.NamingStyle = PascalCase
		$7.IncludeInstanceMembers = True
		$7.IncludeStaticEntities = True
		$6.NamingRule = $8
		$8.Name = Interfaces
		$8.RequiredPrefixes = $9
		$9.String = I
		$8.AffectedEntity = Interface
		$8.VisibilityMask = VisibilityMask
		$8.NamingStyle = PascalCase
		$8.IncludeInstanceMembers = True
		$8.IncludeStaticEntities = True
		$6.NamingRule = $10
		$10.Name = Attributes
		$10.RequiredSuffixes = $11
		$11.String = Attribute
		$10.AffectedEntity = CustomAttributes
		$10.VisibilityMask = VisibilityMask
		$10.NamingStyle = PascalCase
		$10.IncludeInstanceMembers = True
		$10.IncludeStaticEntities = True
		$6.NamingRule = $12
		$12.Name = Event Args
		$12.RequiredSuffixes = $13
		$13.String = EventArgs
		$12.AffectedEntity = CustomEventArgs
		$12.VisibilityMask = VisibilityMask
		$12.NamingStyle = PascalCase
		$12.IncludeInstanceMembers = True
		$12.IncludeStaticEntities = True
		$6.NamingRule = $14
		$14.Name = Exceptions
		$14.RequiredSuffixes = $15
		$15.String = Exception
		$14.AffectedEntity = CustomExceptions
		$14.VisibilityMask = VisibilityMask
		$14.NamingStyle = PascalCase
		$14.IncludeInstanceMembers = True
		$14.IncludeStaticEntities = True
		$6.NamingRule = $16
		$16.Name = camelCase
		$16.AffectedEntity = Property, Parameter, LambdaParameter, LocalVariable
		$16.VisibilityMask = VisibilityMask
		$16.NamingStyle = CamelCaseWithLowerLetterUnderscore
		$16.IncludeInstanceMembers = True
		$16.IncludeStaticEntities = True
		$6.NamingRule = $17
		$17.Name = Fields (non public)
		$17.RequiredPrefixes = $18
		$18.String = _
		$17.AffectedEntity = Field, ReadonlyField
		$17.VisibilityMask = Private, Internal, Protected
		$17.NamingStyle = CamelCase
		$17.IncludeInstanceMembers = True
		$17.IncludeStaticEntities = True
		$6.NamingRule = $19
		$19.Name = Fields
		$19.AffectedEntity = Field, ReadonlyField
		$19.VisibilityMask = Public
		$19.NamingStyle = CamelCase
		$19.IncludeInstanceMembers = True
		$19.IncludeStaticEntities = True
		$6.NamingRule = $20
		$20.Name = Methods (public)
		$20.AffectedEntity = Methods
		$20.VisibilityMask = Public
		$20.NamingStyle = PascalCase
		$20.IncludeInstanceMembers = True
		$20.IncludeStaticEntities = True
		$6.NamingRule = $21
		$21.Name = Methods
		$21.AffectedEntity = Methods
		$21.VisibilityMask = Private, Internal, Protected
		$21.NamingStyle = CamelCase
		$21.IncludeInstanceMembers = True
		$21.IncludeStaticEntities = True
		$6.NamingRule = $22
		$22.Name = Type Parameters
		$22.RequiredPrefixes = $23
		$23.String = T
		$22.AffectedEntity = TypeParameter
		$22.VisibilityMask = VisibilityMask
		$22.NamingStyle = PascalCase
		$22.IncludeInstanceMembers = True
		$22.IncludeStaticEntities = True
		$6.NamingRule = $24
		$24.Name = Constants
		$24.AffectedEntity = ConstantField
		$24.VisibilityMask = VisibilityMask
		$24.NamingStyle = AllUpper
		$24.IncludeInstanceMembers = True
		$24.IncludeStaticEntities = True
		$6.NamingRule = $25
		$25.Name = Constants (local)
		$25.AffectedEntity = LocalConstant
		$25.VisibilityMask = VisibilityMask
		$25.NamingStyle = CamelCase
		$25.IncludeInstanceMembers = True
		$25.IncludeStaticEntities = True
		$0.TextStylePolicy = $26
		$26.FileWidth = 120
		$26.TabsToSpaces = False
		$26.EolMarker = Unix
		$26.inheritsSet = VisualStudio
		$26.inheritsScope = text/plain
		$26.scope = text/plain
		$0.TextStylePolicy = $27
		$27.inheritsSet = null
		$27.scope = application/x-csproject
		$0.XmlFormattingPolicy = $28
		$28.inheritsSet = Mono
		$28.inheritsScope = application/xml
		$28.scope = application/x-csproject
		$0.TextStylePolicy = $29
		$29.inheritsSet = null
		$29.scope = application/x-msbuild
		$0.XmlFormattingPolicy = $30
		$30.inheritsSet = null
		$30.scope = application/x-msbuild
		$0.TextStylePolicy = $31
		$31.inheritsSet = null
		$31.scope = application/xml
		$0.XmlFormattingPolicy = $32
		$32.inheritsSet = Mono
		$32.inheritsScope = application/xml
		$32.scope = application/xml
	EndGlobalSection
EndGlobal
